
Microsoft Visual Studio Solution File, Format Version 12.00
# Visual Studio Version 17
VisualStudioVersion = 17.0.31903.59
MinimumVisualStudioVersion = 10.0.40219.1
Project("{2150E333-8FDC-42A3-9474-1A3956D46DE8}") = "src", "src", "{F03164AF-A413-4696-A06E-E3FEE2E09E93}"
EndProject
Project("{FAE04EC0-301F-11D3-BF4B-00C04F79EFBC}") = "AuctionService", "src\AuctionService\AuctionService.csproj", "{91270482-AE71-4D07-B91C-93E3D19C4DFC}"
EndProject
Project("{FAE04EC0-301F-11D3-BF4B-00C04F79EFBC}") = "SearchService", "src\SearchService\SearchService.csproj", "{DACA18D1-E8B1-4BBC-89EF-C3B85046B842}"
EndProject
Project("{FAE04EC0-301F-11D3-BF4B-00C04F79EFBC}") = "Contracts", "src\Contracts\Contracts.csproj", "{223B9BD7-C38C-48D1-883A-6DD50A5FA434}"
EndProject
Project("{FAE04EC0-301F-11D3-BF4B-00C04F79EFBC}") = "IdentityService", "src\IdentityService\IdentityService.csproj", "{FBA4C82D-F8DB-470A-BD71-752B24696DAB}"
EndProject
Project("{FAE04EC0-301F-11D3-BF4B-00C04F79EFBC}") = "GatewayService", "src\GatewayService\GatewayService.csproj", "{0012C105-15AB-4FFB-9A70-448729AEFB81}"
EndProject
Project("{2150E333-8FDC-42A3-9474-1A3956D46DE8}") = "tests", "tests", "{36705B5B-ABCE-49D0-90BA-A8B30194883E}"
EndProject
Project("{FAE04EC0-301F-11D3-BF4B-00C04F79EFBC}") = "AuctionService.UnitTests", "tests\AuctionService.UnitTests\AuctionService.UnitTests.csproj", "{B07D4702-C359-4D91-9F3B-19F8DE1EDD3A}"
EndProject
Project("{FAE04EC0-301F-11D3-BF4B-00C04F79EFBC}") = "AuctionService.IntegrationTests", "tests\AuctionService.IntegrationTests\AuctionService.IntegrationTests.csproj", "{59597FAC-0B57-424E-9598-EE7A523BCCF5}"
EndProject
Project("{FAE04EC0-301F-11D3-BF4B-00C04F79EFBC}") = "BiddingService", "src\BiddingService\BiddingService.csproj", "{522CDE70-05A0-4BDE-BB9E-154A7091F6A1}"
EndProject
Global
	GlobalSection(SolutionConfigurationPlatforms) = preSolution
		Debug|Any CPU = Debug|Any CPU
		Release|Any CPU = Release|Any CPU
	EndGlobalSection
	GlobalSection(SolutionProperties) = preSolution
		HideSolutionNode = FALSE
	EndGlobalSection
	GlobalSection(ProjectConfigurationPlatforms) = postSolution
		{91270482-AE71-4D07-B91C-93E3D19C4DFC}.Debug|Any CPU.ActiveCfg = Debug|Any CPU
		{91270482-AE71-4D07-B91C-93E3D19C4DFC}.Debug|Any CPU.Build.0 = Debug|Any CPU
		{91270482-AE71-4D07-B91C-93E3D19C4DFC}.Release|Any CPU.ActiveCfg = Release|Any CPU
		{91270482-AE71-4D07-B91C-93E3D19C4DFC}.Release|Any CPU.Build.0 = Release|Any CPU
		{DACA18D1-E8B1-4BBC-89EF-C3B85046B842}.Debug|Any CPU.ActiveCfg = Debug|Any CPU
		{DACA18D1-E8B1-4BBC-89EF-C3B85046B842}.Debug|Any CPU.Build.0 = Debug|Any CPU
		{DACA18D1-E8B1-4BBC-89EF-C3B85046B842}.Release|Any CPU.ActiveCfg = Release|Any CPU
		{DACA18D1-E8B1-4BBC-89EF-C3B85046B842}.Release|Any CPU.Build.0 = Release|Any CPU
		{223B9BD7-C38C-48D1-883A-6DD50A5FA434}.Debug|Any CPU.ActiveCfg = Debug|Any CPU
		{223B9BD7-C38C-48D1-883A-6DD50A5FA434}.Debug|Any CPU.Build.0 = Debug|Any CPU
		{223B9BD7-C38C-48D1-883A-6DD50A5FA434}.Release|Any CPU.ActiveCfg = Release|Any CPU
		{223B9BD7-C38C-48D1-883A-6DD50A5FA434}.Release|Any CPU.Build.0 = Release|Any CPU
		{FBA4C82D-F8DB-470A-BD71-752B24696DAB}.Debug|Any CPU.ActiveCfg = Debug|Any CPU
		{FBA4C82D-F8DB-470A-BD71-752B24696DAB}.Debug|Any CPU.Build.0 = Debug|Any CPU
		{FBA4C82D-F8DB-470A-BD71-752B24696DAB}.Release|Any CPU.ActiveCfg = Release|Any CPU
		{FBA4C82D-F8DB-470A-BD71-752B24696DAB}.Release|Any CPU.Build.0 = Release|Any CPU
		{0012C105-15AB-4FFB-9A70-448729AEFB81}.Debug|Any CPU.ActiveCfg = Debug|Any CPU
		{0012C105-15AB-4FFB-9A70-448729AEFB81}.Debug|Any CPU.Build.0 = Debug|Any CPU
		{0012C105-15AB-4FFB-9A70-448729AEFB81}.Release|Any CPU.ActiveCfg = Release|Any CPU
		{0012C105-15AB-4FFB-9A70-448729AEFB81}.Release|Any CPU.Build.0 = Release|Any CPU
		{B07D4702-C359-4D91-9F3B-19F8DE1EDD3A}.Debug|Any CPU.ActiveCfg = Debug|Any CPU
		{B07D4702-C359-4D91-9F3B-19F8DE1EDD3A}.Debug|Any CPU.Build.0 = Debug|Any CPU
		{B07D4702-C359-4D91-9F3B-19F8DE1EDD3A}.Release|Any CPU.ActiveCfg = Release|Any CPU
		{B07D4702-C359-4D91-9F3B-19F8DE1EDD3A}.Release|Any CPU.Build.0 = Release|Any CPU
		{59597FAC-0B57-424E-9598-EE7A523BCCF5}.Debug|Any CPU.ActiveCfg = Debug|Any CPU
		{59597FAC-0B57-424E-9598-EE7A523BCCF5}.Debug|Any CPU.Build.0 = Debug|Any CPU
		{59597FAC-0B57-424E-9598-EE7A523BCCF5}.Release|Any CPU.ActiveCfg = Release|Any CPU
		{59597FAC-0B57-424E-9598-EE7A523BCCF5}.Release|Any CPU.Build.0 = Release|Any CPU
		{522CDE70-05A0-4BDE-BB9E-154A7091F6A1}.Debug|Any CPU.ActiveCfg = Debug|Any CPU
		{522CDE70-05A0-4BDE-BB9E-154A7091F6A1}.Debug|Any CPU.Build.0 = Debug|Any CPU
		{522CDE70-05A0-4BDE-BB9E-154A7091F6A1}.Release|Any CPU.ActiveCfg = Release|Any CPU
		{522CDE70-05A0-4BDE-BB9E-154A7091F6A1}.Release|Any CPU.Build.0 = Release|Any CPU
	EndGlobalSection
	GlobalSection(NestedProjects) = preSolution
		{91270482-AE71-4D07-B91C-93E3D19C4DFC} = {F03164AF-A413-4696-A06E-E3FEE2E09E93}
		{DACA18D1-E8B1-4BBC-89EF-C3B85046B842} = {F03164AF-A413-4696-A06E-E3FEE2E09E93}
		{223B9BD7-C38C-48D1-883A-6DD50A5FA434} = {F03164AF-A413-4696-A06E-E3FEE2E09E93}
		{FBA4C82D-F8DB-470A-BD71-752B24696DAB} = {F03164AF-A413-4696-A06E-E3FEE2E09E93}
		{0012C105-15AB-4FFB-9A70-448729AEFB81} = {F03164AF-A413-4696-A06E-E3FEE2E09E93}
		{B07D4702-C359-4D91-9F3B-19F8DE1EDD3A} = {36705B5B-ABCE-49D0-90BA-A8B30194883E}
		{59597FAC-0B57-424E-9598-EE7A523BCCF5} = {36705B5B-ABCE-49D0-90BA-A8B30194883E}
		{522CDE70-05A0-4BDE-BB9E-154A7091F6A1} = {F03164AF-A413-4696-A06E-E3FEE2E09E93}
	EndGlobalSection
EndGlobal
